
Microsoft Visual Studio Solution File, Format Version 12.00
Project("{2150E333-8FDC-42A3-9474-1A3956D46DE8}") = "src", "src", "{B845F94E-9476-4761-8C37-0DD5B5A052DF}"
EndProject
Project("{2150E333-8FDC-42A3-9474-1A3956D46DE8}") = "API", "API", "{CA6D9675-3158-4C2B-BC9C-BFCC2689F5D1}"
EndProject
Project("{2150E333-8FDC-42A3-9474-1A3956D46DE8}") = "Infrastructure", "Infrastructure", "{B6303A72-B0AC-4743-9B6D-B9CE4105B6F9}"
EndProject
Project("{2150E333-8FDC-42A3-9474-1A3956D46DE8}") = "Domain", "Domain", "{86D58611-360E-4A7F-A038-987707DDD560}"
EndProject
Project("{2150E333-8FDC-42A3-9474-1A3956D46DE8}") = "Application", "Application", "{6B5914B7-6840-412E-8B51-76406180B795}"
EndProject
Project("{FAE04EC0-301F-11D3-BF4B-00C04F79EFBC}") = "PromoSharp.Domain", "PromoSharp.Domain\PromoSharp.Domain.csproj", "{5081EE49-05A8-4487-A387-014E8D4389DC}"
EndProject
Global
	GlobalSection(SolutionConfigurationPlatforms) = preSolution
		Debug|Any CPU = Debug|Any CPU
		Release|Any CPU = Release|Any CPU
	EndGlobalSection
	GlobalSection(NestedProjects) = preSolution
		{CA6D9675-3158-4C2B-BC9C-BFCC2689F5D1} = {B845F94E-9476-4761-8C37-0DD5B5A052DF}
		{B6303A72-B0AC-4743-9B6D-B9CE4105B6F9} = {B845F94E-9476-4761-8C37-0DD5B5A052DF}
		{86D58611-360E-4A7F-A038-987707DDD560} = {B845F94E-9476-4761-8C37-0DD5B5A052DF}
		{6B5914B7-6840-412E-8B51-76406180B795} = {B845F94E-9476-4761-8C37-0DD5B5A052DF}
		{5081EE49-05A8-4487-A387-014E8D4389DC} = {86D58611-360E-4A7F-A038-987707DDD560}
	EndGlobalSection
	GlobalSection(ProjectConfigurationPlatforms) = postSolution
		{5081EE49-05A8-4487-A387-014E8D4389DC}.Debug|Any CPU.ActiveCfg = Debug|Any CPU
		{5081EE49-05A8-4487-A387-014E8D4389DC}.Debug|Any CPU.Build.0 = Debug|Any CPU
		{5081EE49-05A8-4487-A387-014E8D4389DC}.Release|Any CPU.ActiveCfg = Release|Any CPU
		{5081EE49-05A8-4487-A387-014E8D4389DC}.Release|Any CPU.Build.0 = Release|Any CPU
	EndGlobalSection
EndGlobal
